// !$*UTF8*$!
{
	archiveVersion = 1;
	classes = {
	};
	objectVersion = 50;
	objects = {

/* Begin PBXBuildFile section */
		06D64BB412B6089A3C9BF1B8 /* Pods_MultiTableView.framework in Frameworks */ = {isa = PBXBuildFile; fileRef = C8DCB94E4CF2B6A7D1810EE5 /* Pods_MultiTableView.framework */; };
		4CADB29A25F72619001A77BD /* AppDelegate.swift in Sources */ = {isa = PBXBuildFile; fileRef = 4CADB29925F72619001A77BD /* AppDelegate.swift */; };
		4CADB29C25F72619001A77BD /* SceneDelegate.swift in Sources */ = {isa = PBXBuildFile; fileRef = 4CADB29B25F72619001A77BD /* SceneDelegate.swift */; };
		4CADB29E25F72619001A77BD /* ViewController.swift in Sources */ = {isa = PBXBuildFile; fileRef = 4CADB29D25F72619001A77BD /* ViewController.swift */; };
		4CADB2A125F72619001A77BD /* Main.storyboard in Resources */ = {isa = PBXBuildFile; fileRef = 4CADB29F25F72619001A77BD /* Main.storyboard */; };
		4CADB2A325F7261B001A77BD /* Assets.xcassets in Resources */ = {isa = PBXBuildFile; fileRef = 4CADB2A225F7261B001A77BD /* Assets.xcassets */; };
		4CADB2A625F7261B001A77BD /* LaunchScreen.storyboard in Resources */ = {isa = PBXBuildFile; fileRef = 4CADB2A425F7261B001A77BD /* LaunchScreen.storyboard */; };
		4CADB2B125F7261C001A77BD /* MultiTableViewTests.swift in Sources */ = {isa = PBXBuildFile; fileRef = 4CADB2B025F7261C001A77BD /* MultiTableViewTests.swift */; };
		4CADB2BC25F7261C001A77BD /* MultiTableViewUITests.swift in Sources */ = {isa = PBXBuildFile; fileRef = 4CADB2BB25F7261C001A77BD /* MultiTableViewUITests.swift */; };
		71B599648B1C1D57AC527F21 /* Pods_MultiTableView_MultiTableViewUITests.framework in Frameworks */ = {isa = PBXBuildFile; fileRef = 17F8D36F99BBF7FDBCB99399 /* Pods_MultiTableView_MultiTableViewUITests.framework */; };
		7D11EBD21BBA5A20BF9D3009 /* Pods_MultiTableViewTests.framework in Frameworks */ = {isa = PBXBuildFile; fileRef = 99379780ABE739A8DF2C0E0C /* Pods_MultiTableViewTests.framework */; };
/* End PBXBuildFile section */

/* Begin PBXContainerItemProxy section */
		4CADB2AD25F7261C001A77BD /* PBXContainerItemProxy */ = {
			isa = PBXContainerItemProxy;
			containerPortal = 4CADB28E25F72619001A77BD /* Project object */;
			proxyType = 1;
			remoteGlobalIDString = 4CADB29525F72619001A77BD;
			remoteInfo = MultiTableView;
		};
		4CADB2B825F7261C001A77BD /* PBXContainerItemProxy */ = {
			isa = PBXContainerItemProxy;
			containerPortal = 4CADB28E25F72619001A77BD /* Project object */;
			proxyType = 1;
			remoteGlobalIDString = 4CADB29525F72619001A77BD;
			remoteInfo = MultiTableView;
		};
/* End PBXContainerItemProxy section */

/* Begin PBXFileReference section */
		151B45FFA4B6B0C297E5A88F /* Pods-MultiTableViewTests.release.xcconfig */ = {isa = PBXFileReference; includeInIndex = 1; lastKnownFileType = text.xcconfig; name = "Pods-MultiTableViewTests.release.xcconfig"; path = "Target Support Files/Pods-MultiTableViewTests/Pods-MultiTableViewTests.release.xcconfig"; sourceTree = "<group>"; };
		17F8D36F99BBF7FDBCB99399 /* Pods_MultiTableView_MultiTableViewUITests.framework */ = {isa = PBXFileReference; explicitFileType = wrapper.framework; includeInIndex = 0; path = Pods_MultiTableView_MultiTableViewUITests.framework; sourceTree = BUILT_PRODUCTS_DIR; };
		3A8073CE1CD250BBE472CAA3 /* Pods-MultiTableView.debug.xcconfig */ = {isa = PBXFileReference; includeInIndex = 1; lastKnownFileType = text.xcconfig; name = "Pods-MultiTableView.debug.xcconfig"; path = "Target Support Files/Pods-MultiTableView/Pods-MultiTableView.debug.xcconfig"; sourceTree = "<group>"; };
		4633F1B34DC6FB63D37F0082 /* Pods-MultiTableViewTests.debug.xcconfig */ = {isa = PBXFileReference; includeInIndex = 1; lastKnownFileType = text.xcconfig; name = "Pods-MultiTableViewTests.debug.xcconfig"; path = "Target Support Files/Pods-MultiTableViewTests/Pods-MultiTableViewTests.debug.xcconfig"; sourceTree = "<group>"; };
		4CADB29625F72619001A77BD /* MultiTableView.app */ = {isa = PBXFileReference; explicitFileType = wrapper.application; includeInIndex = 0; path = MultiTableView.app; sourceTree = BUILT_PRODUCTS_DIR; };
		4CADB29925F72619001A77BD /* AppDelegate.swift */ = {isa = PBXFileReference; lastKnownFileType = sourcecode.swift; path = AppDelegate.swift; sourceTree = "<group>"; };
		4CADB29B25F72619001A77BD /* SceneDelegate.swift */ = {isa = PBXFileReference; lastKnownFileType = sourcecode.swift; path = SceneDelegate.swift; sourceTree = "<group>"; };
		4CADB29D25F72619001A77BD /* ViewController.swift */ = {isa = PBXFileReference; lastKnownFileType = sourcecode.swift; path = ViewController.swift; sourceTree = "<group>"; };
		4CADB2A025F72619001A77BD /* Base */ = {isa = PBXFileReference; lastKnownFileType = file.storyboard; name = Base; path = Base.lproj/Main.storyboard; sourceTree = "<group>"; };
		4CADB2A225F7261B001A77BD /* Assets.xcassets */ = {isa = PBXFileReference; lastKnownFileType = folder.assetcatalog; path = Assets.xcassets; sourceTree = "<group>"; };
		4CADB2A525F7261B001A77BD /* Base */ = {isa = PBXFileReference; lastKnownFileType = file.storyboard; name = Base; path = Base.lproj/LaunchScreen.storyboard; sourceTree = "<group>"; };
		4CADB2A725F7261B001A77BD /* Info.plist */ = {isa = PBXFileReference; lastKnownFileType = text.plist.xml; path = Info.plist; sourceTree = "<group>"; };
		4CADB2AC25F7261C001A77BD /* MultiTableViewTests.xctest */ = {isa = PBXFileReference; explicitFileType = wrapper.cfbundle; includeInIndex = 0; path = MultiTableViewTests.xctest; sourceTree = BUILT_PRODUCTS_DIR; };
		4CADB2B025F7261C001A77BD /* MultiTableViewTests.swift */ = {isa = PBXFileReference; lastKnownFileType = sourcecode.swift; path = MultiTableViewTests.swift; sourceTree = "<group>"; };
		4CADB2B225F7261C001A77BD /* Info.plist */ = {isa = PBXFileReference; lastKnownFileType = text.plist.xml; path = Info.plist; sourceTree = "<group>"; };
		4CADB2B725F7261C001A77BD /* MultiTableViewUITests.xctest */ = {isa = PBXFileReference; explicitFileType = wrapper.cfbundle; includeInIndex = 0; path = MultiTableViewUITests.xctest; sourceTree = BUILT_PRODUCTS_DIR; };
		4CADB2BB25F7261C001A77BD /* MultiTableViewUITests.swift */ = {isa = PBXFileReference; lastKnownFileType = sourcecode.swift; path = MultiTableViewUITests.swift; sourceTree = "<group>"; };
		4CADB2BD25F7261C001A77BD /* Info.plist */ = {isa = PBXFileReference; lastKnownFileType = text.plist.xml; path = Info.plist; sourceTree = "<group>"; };
		612450B2554CE76453197014 /* Pods-MultiTableView.release.xcconfig */ = {isa = PBXFileReference; includeInIndex = 1; lastKnownFileType = text.xcconfig; name = "Pods-MultiTableView.release.xcconfig"; path = "Target Support Files/Pods-MultiTableView/Pods-MultiTableView.release.xcconfig"; sourceTree = "<group>"; };
		99379780ABE739A8DF2C0E0C /* Pods_MultiTableViewTests.framework */ = {isa = PBXFileReference; explicitFileType = wrapper.framework; includeInIndex = 0; path = Pods_MultiTableViewTests.framework; sourceTree = BUILT_PRODUCTS_DIR; };
		AD36FC7DD83624D66C860176 /* Pods-MultiTableView-MultiTableViewUITests.debug.xcconfig */ = {isa = PBXFileReference; includeInIndex = 1; lastKnownFileType = text.xcconfig; name = "Pods-MultiTableView-MultiTableViewUITests.debug.xcconfig"; path = "Target Support Files/Pods-MultiTableView-MultiTableViewUITests/Pods-MultiTableView-MultiTableViewUITests.debug.xcconfig"; sourceTree = "<group>"; };
		C8DCB94E4CF2B6A7D1810EE5 /* Pods_MultiTableView.framework */ = {isa = PBXFileReference; explicitFileType = wrapper.framework; includeInIndex = 0; path = Pods_MultiTableView.framework; sourceTree = BUILT_PRODUCTS_DIR; };
		E4E94EEF9029CEAF40696763 /* Pods-MultiTableView-MultiTableViewUITests.release.xcconfig */ = {isa = PBXFileReference; includeInIndex = 1; lastKnownFileType = text.xcconfig; name = "Pods-MultiTableView-MultiTableViewUITests.release.xcconfig"; path = "Target Support Files/Pods-MultiTableView-MultiTableViewUITests/Pods-MultiTableView-MultiTableViewUITests.release.xcconfig"; sourceTree = "<group>"; };
/* End PBXFileReference section */

/* Begin PBXFrameworksBuildPhase section */
		4CADB29325F72619001A77BD /* Frameworks */ = {
			isa = PBXFrameworksBuildPhase;
			buildActionMask = 2147483647;
			files = (
				06D64BB412B6089A3C9BF1B8 /* Pods_MultiTableView.framework in Frameworks */,
			);
			runOnlyForDeploymentPostprocessing = 0;
		};
		4CADB2A925F7261C001A77BD /* Frameworks */ = {
			isa = PBXFrameworksBuildPhase;
			buildActionMask = 2147483647;
			files = (
				7D11EBD21BBA5A20BF9D3009 /* Pods_MultiTableViewTests.framework in Frameworks */,
			);
			runOnlyForDeploymentPostprocessing = 0;
		};
		4CADB2B425F7261C001A77BD /* Frameworks */ = {
			isa = PBXFrameworksBuildPhase;
			buildActionMask = 2147483647;
			files = (
				71B599648B1C1D57AC527F21 /* Pods_MultiTableView_MultiTableViewUITests.framework in Frameworks */,
			);
			runOnlyForDeploymentPostprocessing = 0;
		};
/* End PBXFrameworksBuildPhase section */

/* Begin PBXGroup section */
		4CADB28D25F72619001A77BD = {
			isa = PBXGroup;
			children = (
				4CADB29825F72619001A77BD /* MultiTableView */,
				4CADB2AF25F7261C001A77BD /* MultiTableViewTests */,
				4CADB2BA25F7261C001A77BD /* MultiTableViewUITests */,
				4CADB29725F72619001A77BD /* Products */,
				F0C7EB795B44025A024573F2 /* Pods */,
				4DF46EB7FA597B621FAD53C0 /* Frameworks */,
			);
			sourceTree = "<group>";
		};
		4CADB29725F72619001A77BD /* Products */ = {
			isa = PBXGroup;
			children = (
				4CADB29625F72619001A77BD /* MultiTableView.app */,
				4CADB2AC25F7261C001A77BD /* MultiTableViewTests.xctest */,
				4CADB2B725F7261C001A77BD /* MultiTableViewUITests.xctest */,
			);
			name = Products;
			sourceTree = "<group>";
		};
		4CADB29825F72619001A77BD /* MultiTableView */ = {
			isa = PBXGroup;
			children = (
				4CADB29925F72619001A77BD /* AppDelegate.swift */,
				4CADB29B25F72619001A77BD /* SceneDelegate.swift */,
				4CADB29D25F72619001A77BD /* ViewController.swift */,
				4CADB29F25F72619001A77BD /* Main.storyboard */,
				4CADB2A225F7261B001A77BD /* Assets.xcassets */,
				4CADB2A425F7261B001A77BD /* LaunchScreen.storyboard */,
				4CADB2A725F7261B001A77BD /* Info.plist */,
			);
			path = MultiTableView;
			sourceTree = "<group>";
		};
		4CADB2AF25F7261C001A77BD /* MultiTableViewTests */ = {
			isa = PBXGroup;
			children = (
				4CADB2B025F7261C001A77BD /* MultiTableViewTests.swift */,
				4CADB2B225F7261C001A77BD /* Info.plist */,
			);
			path = MultiTableViewTests;
			sourceTree = "<group>";
		};
		4CADB2BA25F7261C001A77BD /* MultiTableViewUITests */ = {
			isa = PBXGroup;
			children = (
				4CADB2BB25F7261C001A77BD /* MultiTableViewUITests.swift */,
				4CADB2BD25F7261C001A77BD /* Info.plist */,
			);
			path = MultiTableViewUITests;
			sourceTree = "<group>";
		};
		4DF46EB7FA597B621FAD53C0 /* Frameworks */ = {
			isa = PBXGroup;
			children = (
				C8DCB94E4CF2B6A7D1810EE5 /* Pods_MultiTableView.framework */,
				17F8D36F99BBF7FDBCB99399 /* Pods_MultiTableView_MultiTableViewUITests.framework */,
				99379780ABE739A8DF2C0E0C /* Pods_MultiTableViewTests.framework */,
			);
			name = Frameworks;
			sourceTree = "<group>";
		};
		F0C7EB795B44025A024573F2 /* Pods */ = {
			isa = PBXGroup;
			children = (
				3A8073CE1CD250BBE472CAA3 /* Pods-MultiTableView.debug.xcconfig */,
				612450B2554CE76453197014 /* Pods-MultiTableView.release.xcconfig */,
				AD36FC7DD83624D66C860176 /* Pods-MultiTableView-MultiTableViewUITests.debug.xcconfig */,
				E4E94EEF9029CEAF40696763 /* Pods-MultiTableView-MultiTableViewUITests.release.xcconfig */,
				4633F1B34DC6FB63D37F0082 /* Pods-MultiTableViewTests.debug.xcconfig */,
				151B45FFA4B6B0C297E5A88F /* Pods-MultiTableViewTests.release.xcconfig */,
			);
			name = Pods;
			path = Pods;
			sourceTree = "<group>";
		};
/* End PBXGroup section */

/* Begin PBXNativeTarget section */
		4CADB29525F72619001A77BD /* MultiTableView */ = {
			isa = PBXNativeTarget;
			buildConfigurationList = 4CADB2C025F7261C001A77BD /* Build configuration list for PBXNativeTarget "MultiTableView" */;
			buildPhases = (
				B27E666E67E92A0DB5B17A3F /* [CP] Check Pods Manifest.lock */,
				4CADB29225F72619001A77BD /* Sources */,
				4CADB29325F72619001A77BD /* Frameworks */,
				4CADB29425F72619001A77BD /* Resources */,
				DD323D6B7DBB90A2796C241E /* [CP] Embed Pods Frameworks */,
			);
			buildRules = (
			);
			dependencies = (
			);
			name = MultiTableView;
			productName = MultiTableView;
			productReference = 4CADB29625F72619001A77BD /* MultiTableView.app */;
			productType = "com.apple.product-type.application";
		};
		4CADB2AB25F7261C001A77BD /* MultiTableViewTests */ = {
			isa = PBXNativeTarget;
			buildConfigurationList = 4CADB2C325F7261C001A77BD /* Build configuration list for PBXNativeTarget "MultiTableViewTests" */;
			buildPhases = (
				19B8F7E1144385E8A4548D2D /* [CP] Check Pods Manifest.lock */,
				4CADB2A825F7261C001A77BD /* Sources */,
				4CADB2A925F7261C001A77BD /* Frameworks */,
				4CADB2AA25F7261C001A77BD /* Resources */,
			);
			buildRules = (
			);
			dependencies = (
				4CADB2AE25F7261C001A77BD /* PBXTargetDependency */,
			);
			name = MultiTableViewTests;
			productName = MultiTableViewTests;
			productReference = 4CADB2AC25F7261C001A77BD /* MultiTableViewTests.xctest */;
			productType = "com.apple.product-type.bundle.unit-test";
		};
		4CADB2B625F7261C001A77BD /* MultiTableViewUITests */ = {
			isa = PBXNativeTarget;
			buildConfigurationList = 4CADB2C625F7261C001A77BD /* Build configuration list for PBXNativeTarget "MultiTableViewUITests" */;
			buildPhases = (
				516E32E037A696B21A16D5C2 /* [CP] Check Pods Manifest.lock */,
				4CADB2B325F7261C001A77BD /* Sources */,
				4CADB2B425F7261C001A77BD /* Frameworks */,
				4CADB2B525F7261C001A77BD /* Resources */,
				12CCB14641E28818479B2819 /* [CP] Embed Pods Frameworks */,
			);
			buildRules = (
			);
			dependencies = (
				4CADB2B925F7261C001A77BD /* PBXTargetDependency */,
			);
			name = MultiTableViewUITests;
			productName = MultiTableViewUITests;
			productReference = 4CADB2B725F7261C001A77BD /* MultiTableViewUITests.xctest */;
			productType = "com.apple.product-type.bundle.ui-testing";
		};
/* End PBXNativeTarget section */

/* Begin PBXProject section */
		4CADB28E25F72619001A77BD /* Project object */ = {
			isa = PBXProject;
			attributes = {
				LastSwiftUpdateCheck = 1200;
				LastUpgradeCheck = 1200;
				TargetAttributes = {
					4CADB29525F72619001A77BD = {
						CreatedOnToolsVersion = 12.0.1;
					};
					4CADB2AB25F7261C001A77BD = {
						CreatedOnToolsVersion = 12.0.1;
						TestTargetID = 4CADB29525F72619001A77BD;
					};
					4CADB2B625F7261C001A77BD = {
						CreatedOnToolsVersion = 12.0.1;
						TestTargetID = 4CADB29525F72619001A77BD;
					};
				};
			};
			buildConfigurationList = 4CADB29125F72619001A77BD /* Build configuration list for PBXProject "MultiTableView" */;
			compatibilityVersion = "Xcode 9.3";
			developmentRegion = en;
			hasScannedForEncodings = 0;
			knownRegions = (
				en,
				Base,
			);
			mainGroup = 4CADB28D25F72619001A77BD;
			productRefGroup = 4CADB29725F72619001A77BD /* Products */;
			projectDirPath = "";
			projectRoot = "";
			targets = (
				4CADB29525F72619001A77BD /* MultiTableView */,
				4CADB2AB25F7261C001A77BD /* MultiTableViewTests */,
				4CADB2B625F7261C001A77BD /* MultiTableViewUITests */,
			);
		};
/* End PBXProject section */

/* Begin PBXResourcesBuildPhase section */
		4CADB29425F72619001A77BD /* Resources */ = {
			isa = PBXResourcesBuildPhase;
			buildActionMask = 2147483647;
			files = (
				4CADB2A625F7261B001A77BD /* LaunchScreen.storyboard in Resources */,
				4CADB2A325F7261B001A77BD /* Assets.xcassets in Resources */,
				4CADB2A125F72619001A77BD /* Main.storyboard in Resources */,
			);
			runOnlyForDeploymentPostprocessing = 0;
		};
		4CADB2AA25F7261C001A77BD /* Resources */ = {
			isa = PBXResourcesBuildPhase;
			buildActionMask = 2147483647;
			files = (
			);
			runOnlyForDeploymentPostprocessing = 0;
		};
		4CADB2B525F7261C001A77BD /* Resources */ = {
			isa = PBXResourcesBuildPhase;
			buildActionMask = 2147483647;
			files = (
			);
			runOnlyForDeploymentPostprocessing = 0;
		};
/* End PBXResourcesBuildPhase section */

/* Begin PBXShellScriptBuildPhase section */
		12CCB14641E28818479B2819 /* [CP] Embed Pods Frameworks */ = {
			isa = PBXShellScriptBuildPhase;
			buildActionMask = 2147483647;
			files = (
			);
			inputFileListPaths = (
				"${PODS_ROOT}/Target Support Files/Pods-MultiTableView-MultiTableViewUITests/Pods-MultiTableView-MultiTableViewUITests-frameworks-${CONFIGURATION}-input-files.xcfilelist",
			);
			name = "[CP] Embed Pods Frameworks";
			outputFileListPaths = (
				"${PODS_ROOT}/Target Support Files/Pods-MultiTableView-MultiTableViewUITests/Pods-MultiTableView-MultiTableViewUITests-frameworks-${CONFIGURATION}-output-files.xcfilelist",
			);
			runOnlyForDeploymentPostprocessing = 0;
			shellPath = /bin/sh;
			shellScript = "\"${PODS_ROOT}/Target Support Files/Pods-MultiTableView-MultiTableViewUITests/Pods-MultiTableView-MultiTableViewUITests-frameworks.sh\"\n";
			showEnvVarsInLog = 0;
		};
		19B8F7E1144385E8A4548D2D /* [CP] Check Pods Manifest.lock */ = {
			isa = PBXShellScriptBuildPhase;
			buildActionMask = 2147483647;
			files = (
			);
			inputFileListPaths = (
			);
			inputPaths = (
				"${PODS_PODFILE_DIR_PATH}/Podfile.lock",
				"${PODS_ROOT}/Manifest.lock",
			);
			name = "[CP] Check Pods Manifest.lock";
			outputFileListPaths = (
			);
			outputPaths = (
				"$(DERIVED_FILE_DIR)/Pods-MultiTableViewTests-checkManifestLockResult.txt",
			);
			runOnlyForDeploymentPostprocessing = 0;
			shellPath = /bin/sh;
			shellScript = "diff \"${PODS_PODFILE_DIR_PATH}/Podfile.lock\" \"${PODS_ROOT}/Manifest.lock\" > /dev/null\nif [ $? != 0 ] ; then\n    # print error to STDERR\n    echo \"error: The sandbox is not in sync with the Podfile.lock. Run 'pod install' or update your CocoaPods installation.\" >&2\n    exit 1\nfi\n# This output is used by Xcode 'outputs' to avoid re-running this script phase.\necho \"SUCCESS\" > \"${SCRIPT_OUTPUT_FILE_0}\"\n";
			showEnvVarsInLog = 0;
		};
		516E32E037A696B21A16D5C2 /* [CP] Check Pods Manifest.lock */ = {
			isa = PBXShellScriptBuildPhase;
			buildActionMask = 2147483647;
			files = (
			);
			inputFileListPaths = (
			);
			inputPaths = (
				"${PODS_PODFILE_DIR_PATH}/Podfile.lock",
				"${PODS_ROOT}/Manifest.lock",
			);
			name = "[CP] Check Pods Manifest.lock";
			outputFileListPaths = (
			);
			outputPaths = (
				"$(DERIVED_FILE_DIR)/Pods-MultiTableView-MultiTableViewUITests-checkManifestLockResult.txt",
			);
			runOnlyForDeploymentPostprocessing = 0;
			shellPath = /bin/sh;
			shellScript = "diff \"${PODS_PODFILE_DIR_PATH}/Podfile.lock\" \"${PODS_ROOT}/Manifest.lock\" > /dev/null\nif [ $? != 0 ] ; then\n    # print error to STDERR\n    echo \"error: The sandbox is not in sync with the Podfile.lock. Run 'pod install' or update your CocoaPods installation.\" >&2\n    exit 1\nfi\n# This output is used by Xcode 'outputs' to avoid re-running this script phase.\necho \"SUCCESS\" > \"${SCRIPT_OUTPUT_FILE_0}\"\n";
			showEnvVarsInLog = 0;
		};
		B27E666E67E92A0DB5B17A3F /* [CP] Check Pods Manifest.lock */ = {
			isa = PBXShellScriptBuildPhase;
			buildActionMask = 2147483647;
			files = (
			);
			inputFileListPaths = (
			);
			inputPaths = (
				"${PODS_PODFILE_DIR_PATH}/Podfile.lock",
				"${PODS_ROOT}/Manifest.lock",
			);
			name = "[CP] Check Pods Manifest.lock";
			outputFileListPaths = (
			);
			outputPaths = (
				"$(DERIVED_FILE_DIR)/Pods-MultiTableView-checkManifestLockResult.txt",
			);
			runOnlyForDeploymentPostprocessing = 0;
			shellPath = /bin/sh;
			shellScript = "diff \"${PODS_PODFILE_DIR_PATH}/Podfile.lock\" \"${PODS_ROOT}/Manifest.lock\" > /dev/null\nif [ $? != 0 ] ; then\n    # print error to STDERR\n    echo \"error: The sandbox is not in sync with the Podfile.lock. Run 'pod install' or update your CocoaPods installation.\" >&2\n    exit 1\nfi\n# This output is used by Xcode 'outputs' to avoid re-running this script phase.\necho \"SUCCESS\" > \"${SCRIPT_OUTPUT_FILE_0}\"\n";
			showEnvVarsInLog = 0;
		};
		DD323D6B7DBB90A2796C241E /* [CP] Embed Pods Frameworks */ = {
			isa = PBXShellScriptBuildPhase;
			buildActionMask = 2147483647;
			files = (
			);
			inputFileListPaths = (
				"${PODS_ROOT}/Target Support Files/Pods-MultiTableView/Pods-MultiTableView-frameworks-${CONFIGURATION}-input-files.xcfilelist",
			);
			name = "[CP] Embed Pods Frameworks";
			outputFileListPaths = (
				"${PODS_ROOT}/Target Support Files/Pods-MultiTableView/Pods-MultiTableView-frameworks-${CONFIGURATION}-output-files.xcfilelist",
			);
			runOnlyForDeploymentPostprocessing = 0;
			shellPath = /bin/sh;
			shellScript = "\"${PODS_ROOT}/Target Support Files/Pods-MultiTableView/Pods-MultiTableView-frameworks.sh\"\n";
			showEnvVarsInLog = 0;
		};
/* End PBXShellScriptBuildPhase section */

/* Begin PBXSourcesBuildPhase section */
		4CADB29225F72619001A77BD /* Sources */ = {
			isa = PBXSourcesBuildPhase;
			buildActionMask = 2147483647;
			files = (
				4CADB29E25F72619001A77BD /* ViewController.swift in Sources */,
				4CADB29A25F72619001A77BD /* AppDelegate.swift in Sources */,
				4CADB29C25F72619001A77BD /* SceneDelegate.swift in Sources */,
			);
			runOnlyForDeploymentPostprocessing = 0;
		};
		4CADB2A825F7261C001A77BD /* Sources */ = {
			isa = PBXSourcesBuildPhase;
			buildActionMask = 2147483647;
			files = (
				4CADB2B125F7261C001A77BD /* MultiTableViewTests.swift in Sources */,
			);
			runOnlyForDeploymentPostprocessing = 0;
		};
		4CADB2B325F7261C001A77BD /* Sources */ = {
			isa = PBXSourcesBuildPhase;
			buildActionMask = 2147483647;
			files = (
				4CADB2BC25F7261C001A77BD /* MultiTableViewUITests.swift in Sources */,
			);
			runOnlyForDeploymentPostprocessing = 0;
		};
/* End PBXSourcesBuildPhase section */

/* Begin PBXTargetDependency section */
		4CADB2AE25F7261C001A77BD /* PBXTargetDependency */ = {
			isa = PBXTargetDependency;
			target = 4CADB29525F72619001A77BD /* MultiTableView */;
			targetProxy = 4CADB2AD25F7261C001A77BD /* PBXContainerItemProxy */;
		};
		4CADB2B925F7261C001A77BD /* PBXTargetDependency */ = {
			isa = PBXTargetDependency;
			target = 4CADB29525F72619001A77BD /* MultiTableView */;
			targetProxy = 4CADB2B825F7261C001A77BD /* PBXContainerItemProxy */;
		};
/* End PBXTargetDependency section */

/* Begin PBXVariantGroup section */
		4CADB29F25F72619001A77BD /* Main.storyboard */ = {
			isa = PBXVariantGroup;
			children = (
				4CADB2A025F72619001A77BD /* Base */,
			);
			name = Main.storyboard;
			sourceTree = "<group>";
		};
		4CADB2A425F7261B001A77BD /* LaunchScreen.storyboard */ = {
			isa = PBXVariantGroup;
			children = (
				4CADB2A525F7261B001A77BD /* Base */,
			);
			name = LaunchScreen.storyboard;
			sourceTree = "<group>";
		};
/* End PBXVariantGroup section */

/* Begin XCBuildConfiguration section */
		4CADB2BE25F7261C001A77BD /* Debug */ = {
			isa = XCBuildConfiguration;
			buildSettings = {
				ALWAYS_SEARCH_USER_PATHS = NO;
				CLANG_ANALYZER_NONNULL = YES;
				CLANG_ANALYZER_NUMBER_OBJECT_CONVERSION = YES_AGGRESSIVE;
				CLANG_CXX_LANGUAGE_STANDARD = "gnu++14";
				CLANG_CXX_LIBRARY = "libc++";
				CLANG_ENABLE_MODULES = YES;
				CLANG_ENABLE_OBJC_ARC = YES;
				CLANG_ENABLE_OBJC_WEAK = YES;
				CLANG_WARN_BLOCK_CAPTURE_AUTORELEASING = YES;
				CLANG_WARN_BOOL_CONVERSION = YES;
				CLANG_WARN_COMMA = YES;
				CLANG_WARN_CONSTANT_CONVERSION = YES;
				CLANG_WARN_DEPRECATED_OBJC_IMPLEMENTATIONS = YES;
				CLANG_WARN_DIRECT_OBJC_ISA_USAGE = YES_ERROR;
				CLANG_WARN_DOCUMENTATION_COMMENTS = YES;
				CLANG_WARN_EMPTY_BODY = YES;
				CLANG_WARN_ENUM_CONVERSION = YES;
				CLANG_WARN_INFINITE_RECURSION = YES;
				CLANG_WARN_INT_CONVERSION = YES;
				CLANG_WARN_NON_LITERAL_NULL_CONVERSION = YES;
				CLANG_WARN_OBJC_IMPLICIT_RETAIN_SELF = YES;
				CLANG_WARN_OBJC_LITERAL_CONVERSION = YES;
				CLANG_WARN_OBJC_ROOT_CLASS = YES_ERROR;
				CLANG_WARN_QUOTED_INCLUDE_IN_FRAMEWORK_HEADER = YES;
				CLANG_WARN_RANGE_LOOP_ANALYSIS = YES;
				CLANG_WARN_STRICT_PROTOTYPES = YES;
				CLANG_WARN_SUSPICIOUS_MOVE = YES;
				CLANG_WARN_UNGUARDED_AVAILABILITY = YES_AGGRESSIVE;
				CLANG_WARN_UNREACHABLE_CODE = YES;
				CLANG_WARN__DUPLICATE_METHOD_MATCH = YES;
				COPY_PHASE_STRIP = NO;
				DEBUG_INFORMATION_FORMAT = dwarf;
				ENABLE_STRICT_OBJC_MSGSEND = YES;
				ENABLE_TESTABILITY = YES;
				GCC_C_LANGUAGE_STANDARD = gnu11;
				GCC_DYNAMIC_NO_PIC = NO;
				GCC_NO_COMMON_BLOCKS = YES;
				GCC_OPTIMIZATION_LEVEL = 0;
				GCC_PREPROCESSOR_DEFINITIONS = (
					"DEBUG=1",
					"$(inherited)",
				);
				GCC_WARN_64_TO_32_BIT_CONVERSION = YES;
				GCC_WARN_ABOUT_RETURN_TYPE = YES_ERROR;
				GCC_WARN_UNDECLARED_SELECTOR = YES;
				GCC_WARN_UNINITIALIZED_AUTOS = YES_AGGRESSIVE;
				GCC_WARN_UNUSED_FUNCTION = YES;
				GCC_WARN_UNUSED_VARIABLE = YES;
				IPHONEOS_DEPLOYMENT_TARGET = 14.0;
				MTL_ENABLE_DEBUG_INFO = INCLUDE_SOURCE;
				MTL_FAST_MATH = YES;
				ONLY_ACTIVE_ARCH = YES;
				SDKROOT = iphoneos;
				SWIFT_ACTIVE_COMPILATION_CONDITIONS = DEBUG;
				SWIFT_OPTIMIZATION_LEVEL = "-Onone";
			};
			name = Debug;
		};
		4CADB2BF25F7261C001A77BD /* Release */ = {
			isa = XCBuildConfiguration;
			buildSettings = {
				ALWAYS_SEARCH_USER_PATHS = NO;
				CLANG_ANALYZER_NONNULL = YES;
				CLANG_ANALYZER_NUMBER_OBJECT_CONVERSION = YES_AGGRESSIVE;
				CLANG_CXX_LANGUAGE_STANDARD = "gnu++14";
				CLANG_CXX_LIBRARY = "libc++";
				CLANG_ENABLE_MODULES = YES;
				CLANG_ENABLE_OBJC_ARC = YES;
				CLANG_ENABLE_OBJC_WEAK = YES;
				CLANG_WARN_BLOCK_CAPTURE_AUTORELEASING = YES;
				CLANG_WARN_BOOL_CONVERSION = YES;
				CLANG_WARN_COMMA = YES;
				CLANG_WARN_CONSTANT_CONVERSION = YES;
				CLANG_WARN_DEPRECATED_OBJC_IMPLEMENTATIONS = YES;
				CLANG_WARN_DIRECT_OBJC_ISA_USAGE = YES_ERROR;
				CLANG_WARN_DOCUMENTATION_COMMENTS = YES;
				CLANG_WARN_EMPTY_BODY = YES;
				CLANG_WARN_ENUM_CONVERSION = YES;
				CLANG_WARN_INFINITE_RECURSION = YES;
				CLANG_WARN_INT_CONVERSION = YES;
				CLANG_WARN_NON_LITERAL_NULL_CONVERSION = YES;
				CLANG_WARN_OBJC_IMPLICIT_RETAIN_SELF = YES;
				CLANG_WARN_OBJC_LITERAL_CONVERSION = YES;
				CLANG_WARN_OBJC_ROOT_CLASS = YES_ERROR;
				CLANG_WARN_QUOTED_INCLUDE_IN_FRAMEWORK_HEADER = YES;
				CLANG_WARN_RANGE_LOOP_ANALYSIS = YES;
				CLANG_WARN_STRICT_PROTOTYPES = YES;
				CLANG_WARN_SUSPICIOUS_MOVE = YES;
				CLANG_WARN_UNGUARDED_AVAILABILITY = YES_AGGRESSIVE;
				CLANG_WARN_UNREACHABLE_CODE = YES;
				CLANG_WARN__DUPLICATE_METHOD_MATCH = YES;
				COPY_PHASE_STRIP = NO;
				DEBUG_INFORMATION_FORMAT = "dwarf-with-dsym";
				ENABLE_NS_ASSERTIONS = NO;
				ENABLE_STRICT_OBJC_MSGSEND = YES;
				GCC_C_LANGUAGE_STANDARD = gnu11;
				GCC_NO_COMMON_BLOCKS = YES;
				GCC_WARN_64_TO_32_BIT_CONVERSION = YES;
				GCC_WARN_ABOUT_RETURN_TYPE = YES_ERROR;
				GCC_WARN_UNDECLARED_SELECTOR = YES;
				GCC_WARN_UNINITIALIZED_AUTOS = YES_AGGRESSIVE;
				GCC_WARN_UNUSED_FUNCTION = YES;
				GCC_WARN_UNUSED_VARIABLE = YES;
				IPHONEOS_DEPLOYMENT_TARGET = 14.0;
				MTL_ENABLE_DEBUG_INFO = NO;
				MTL_FAST_MATH = YES;
				SDKROOT = iphoneos;
				SWIFT_COMPILATION_MODE = wholemodule;
				SWIFT_OPTIMIZATION_LEVEL = "-O";
				VALIDATE_PRODUCT = YES;
			};
			name = Release;
		};
		4CADB2C125F7261C001A77BD /* Debug */ = {
			isa = XCBuildConfiguration;
			baseConfigurationReference = 3A8073CE1CD250BBE472CAA3 /* Pods-MultiTableView.debug.xcconfig */;
			buildSettings = {
				ASSETCATALOG_COMPILER_APPICON_NAME = AppIcon;
				ASSETCATALOG_COMPILER_GLOBAL_ACCENT_COLOR_NAME = AccentColor;
				CODE_SIGN_STYLE = Automatic;
				DEVELOPMENT_TEAM = KT2XM3Z9DZ;
				INFOPLIST_FILE = MultiTableView/Info.plist;
				LD_RUNPATH_SEARCH_PATHS = (
					"$(inherited)",
					"@executable_path/Frameworks",
				);
				PRODUCT_BUNDLE_IDENTIFIER = yoonyoung.MultiTableView;
				PRODUCT_NAME = "$(TARGET_NAME)";
				SWIFT_VERSION = 5.0;
				TARGETED_DEVICE_FAMILY = "1,2";
			};
			name = Debug;
		};
		4CADB2C225F7261C001A77BD /* Release */ = {
			isa = XCBuildConfiguration;
			baseConfigurationReference = 612450B2554CE76453197014 /* Pods-MultiTableView.release.xcconfig */;
			buildSettings = {
				ASSETCATALOG_COMPILER_APPICON_NAME = AppIcon;
				ASSETCATALOG_COMPILER_GLOBAL_ACCENT_COLOR_NAME = AccentColor;
				CODE_SIGN_STYLE = Automatic;
				DEVELOPMENT_TEAM = KT2XM3Z9DZ;
				INFOPLIST_FILE = MultiTableView/Info.plist;
				LD_RUNPATH_SEARCH_PATHS = (
					"$(inherited)",
					"@executable_path/Frameworks",
				);
				PRODUCT_BUNDLE_IDENTIFIER = yoonyoung.MultiTableView;
				PRODUCT_NAME = "$(TARGET_NAME)";
				SWIFT_VERSION = 5.0;
				TARGETED_DEVICE_FAMILY = "1,2";
			};
			name = Release;
		};
		4CADB2C425F7261C001A77BD /* Debug */ = {
			isa = XCBuildConfiguration;
			baseConfigurationReference = 4633F1B34DC6FB63D37F0082 /* Pods-MultiTableViewTests.debug.xcconfig */;
			buildSettings = {
				ALWAYS_EMBED_SWIFT_STANDARD_LIBRARIES = YES;
				BUNDLE_LOADER = "$(TEST_HOST)";
				CODE_SIGN_STYLE = Automatic;
				DEVELOPMENT_TEAM = KT2XM3Z9DZ;
				INFOPLIST_FILE = MultiTableViewTests/Info.plist;
				IPHONEOS_DEPLOYMENT_TARGET = 14.0;
				LD_RUNPATH_SEARCH_PATHS = (
					"$(inherited)",
					"@executable_path/Frameworks",
					"@loader_path/Frameworks",
				);
				PRODUCT_BUNDLE_IDENTIFIER = yoonyoung.MultiTableViewTests;
				PRODUCT_NAME = "$(TARGET_NAME)";
				SWIFT_VERSION = 5.0;
				TARGETED_DEVICE_FAMILY = "1,2";
				TEST_HOST = "$(BUILT_PRODUCTS_DIR)/MultiTableView.app/MultiTableView";
			};
			name = Debug;
		};
		4CADB2C525F7261C001A77BD /* Release */ = {
			isa = XCBuildConfiguration;
			baseConfigurationReference = 151B45FFA4B6B0C297E5A88F /* Pods-MultiTableViewTests.release.xcconfig */;
			buildSettings = {
				ALWAYS_EMBED_SWIFT_STANDARD_LIBRARIES = YES;
				BUNDLE_LOADER = "$(TEST_HOST)";
				CODE_SIGN_STYLE = Automatic;
				DEVELOPMENT_TEAM = KT2XM3Z9DZ;
				INFOPLIST_FILE = MultiTableViewTests/Info.plist;
				IPHONEOS_DEPLOYMENT_TARGET = 14.0;
				LD_RUNPATH_SEARCH_PATHS = (
					"$(inherited)",
					"@executable_path/Frameworks",
					"@loader_path/Frameworks",
				);
				PRODUCT_BUNDLE_IDENTIFIER = yoonyoung.MultiTableViewTests;
				PRODUCT_NAME = "$(TARGET_NAME)";
				SWIFT_VERSION = 5.0;
				TARGETED_DEVICE_FAMILY = "1,2";
				TEST_HOST = "$(BUILT_PRODUCTS_DIR)/MultiTableView.app/MultiTableView";
			};
			name = Release;
		};
		4CADB2C725F7261C001A77BD /* Debug */ = {
			isa = XCBuildConfiguration;
			baseConfigurationReference = AD36FC7DD83624D66C860176 /* Pods-MultiTableView-MultiTableViewUITests.debug.xcconfig */;
			buildSettings = {
				ALWAYS_EMBED_SWIFT_STANDARD_LIBRARIES = YES;
				CODE_SIGN_STYLE = Automatic;
				DEVELOPMENT_TEAM = KT2XM3Z9DZ;
				INFOPLIST_FILE = MultiTableViewUITests/Info.plist;
				LD_RUNPATH_SEARCH_PATHS = (
					"$(inherited)",
					"@executable_path/Frameworks",
					"@loader_path/Frameworks",
				);
				PRODUCT_BUNDLE_IDENTIFIER = yoonyoung.MultiTableViewUITests;
				PRODUCT_NAME = "$(TARGET_NAME)";
				SWIFT_VERSION = 5.0;
				TARGETED_DEVICE_FAMILY = "1,2";
				TEST_TARGET_NAME = MultiTableView;
			};
			name = Debug;
		};
		4CADB2C825F7261C001A77BD /* Release */ = {
			isa = XCBuildConfiguration;
			baseConfigurationReference = E4E94EEF9029CEAF40696763 /* Pods-MultiTableView-MultiTableViewUITests.release.xcconfig */;
			buildSettings = {
				ALWAYS_EMBED_SWIFT_STANDARD_LIBRARIES = YES;
				CODE_SIGN_STYLE = Automatic;
				DEVELOPMENT_TEAM = KT2XM3Z9DZ;
				INFOPLIST_FILE = MultiTableViewUITests/Info.plist;
				LD_RUNPATH_SEARCH_PATHS = (
					"$(inherited)",
					"@executable_path/Frameworks",
					"@loader_path/Frameworks",
				);
				PRODUCT_BUNDLE_IDENTIFIER = yoonyoung.MultiTableViewUITests;
				PRODUCT_NAME = "$(TARGET_NAME)";
				SWIFT_VERSION = 5.0;
				TARGETED_DEVICE_FAMILY = "1,2";
				TEST_TARGET_NAME = MultiTableView;
			};
			name = Release;
		};
/* End XCBuildConfiguration section */

/* Begin XCConfigurationList section */
		4CADB29125F72619001A77BD /* Build configuration list for PBXProject "MultiTableView" */ = {
			isa = XCConfigurationList;
			buildConfigurations = (
				4CADB2BE25F7261C001A77BD /* Debug */,
				4CADB2BF25F7261C001A77BD /* Release */,
			);
			defaultConfigurationIsVisible = 0;
			defaultConfigurationName = Release;
		};
		4CADB2C025F7261C001A77BD /* Build configuration list for PBXNativeTarget "MultiTableView" */ = {
			isa = XCConfigurationList;
			buildConfigurations = (
				4CADB2C125F7261C001A77BD /* Debug */,
				4CADB2C225F7261C001A77BD /* Release */,
			);
			defaultConfigurationIsVisible = 0;
			defaultConfigurationName = Release;
		};
		4CADB2C325F7261C001A77BD /* Build configuration list for PBXNativeTarget "MultiTableViewTests" */ = {
			isa = XCConfigurationList;
			buildConfigurations = (
				4CADB2C425F7261C001A77BD /* Debug */,
				4CADB2C525F7261C001A77BD /* Release */,
			);
			defaultConfigurationIsVisible = 0;
			defaultConfigurationName = Release;
		};
		4CADB2C625F7261C001A77BD /* Build configuration list for PBXNativeTarget "MultiTableViewUITests" */ = {
			isa = XCConfigurationList;
			buildConfigurations = (
				4CADB2C725F7261C001A77BD /* Debug */,
				4CADB2C825F7261C001A77BD /* Release */,
			);
			defaultConfigurationIsVisible = 0;
			defaultConfigurationName = Release;
		};
/* End XCConfigurationList section */
	};
	rootObject = 4CADB28E25F72619001A77BD /* Project object */;
}
